
Microsoft Visual Studio Solution File, Format Version 12.00
# Visual Studio Version 16
VisualStudioVersion = 16.0.29306.81
MinimumVisualStudioVersion = 10.0.40219.1
Project("{FAE04EC0-301F-11D3-BF4B-00C04F79EFBC}") = "SharovTicket", "SharovTicket.csproj", "{D1960837-04E9-4FD0-801B-EA237010AF71}"
EndProject
Global
	GlobalSection(SolutionConfigurationPlatforms) = preSolution
		Debug|Any CPU = Debug|Any CPU
		Release|Any CPU = Release|Any CPU
	EndGlobalSection
	GlobalSection(ProjectConfigurationPlatforms) = postSolution
		{D1960837-04E9-4FD0-801B-EA237010AF71}.Debug|Any CPU.ActiveCfg = Debug|Any CPU
		{D1960837-04E9-4FD0-801B-EA237010AF71}.Debug|Any CPU.Build.0 = Debug|Any CPU
		{D1960837-04E9-4FD0-801B-EA237010AF71}.Release|Any CPU.ActiveCfg = Release|Any CPU
		{D1960837-04E9-4FD0-801B-EA237010AF71}.Release|Any CPU.Build.0 = Release|Any CPU
	EndGlobalSection
	GlobalSection(SolutionProperties) = preSolution
		HideSolutionNode = FALSE
	EndGlobalSection
	GlobalSection(ExtensibilityGlobals) = postSolution
		SolutionGuid = {E71F5CE5-88A6-49B7-8F9F-48AC4B3E6437}
	EndGlobalSection
EndGlobal
